
Microsoft Visual Studio Solution File, Format Version 12.00
# Visual Studio Version 16
VisualStudioVersion = 16.0.30621.155
MinimumVisualStudioVersion = 10.0.40219.1
Project("{FAE04EC0-301F-11D3-BF4B-00C04F79EFBC}") = "SanpoClub.WebAPI", "SanpoClub.WebAPI\SanpoClub.WebAPI.csproj", "{B64E4E1B-0405-4723-823A-EB4226D59552}"
EndProject
Project("{FAE04EC0-301F-11D3-BF4B-00C04F79EFBC}") = "SanpoClub.Client", "SanpoClub.Client\SanpoClub.Client.csproj", "{0A360DF4-4E46-4AED-9B7D-054DC4AC72BE}"
EndProject
Global
	GlobalSection(SolutionConfigurationPlatforms) = preSolution
		Debug|Any CPU = Debug|Any CPU
		Release|Any CPU = Release|Any CPU
	EndGlobalSection
	GlobalSection(ProjectConfigurationPlatforms) = postSolution
		{B64E4E1B-0405-4723-823A-EB4226D59552}.Debug|Any CPU.ActiveCfg = Debug|Any CPU
		{B64E4E1B-0405-4723-823A-EB4226D59552}.Debug|Any CPU.Build.0 = Debug|Any CPU
		{B64E4E1B-0405-4723-823A-EB4226D59552}.Release|Any CPU.ActiveCfg = Release|Any CPU
		{B64E4E1B-0405-4723-823A-EB4226D59552}.Release|Any CPU.Build.0 = Release|Any CPU
		{0A360DF4-4E46-4AED-9B7D-054DC4AC72BE}.Debug|Any CPU.ActiveCfg = Debug|Any CPU
		{0A360DF4-4E46-4AED-9B7D-054DC4AC72BE}.Debug|Any CPU.Build.0 = Debug|Any CPU
		{0A360DF4-4E46-4AED-9B7D-054DC4AC72BE}.Release|Any CPU.ActiveCfg = Release|Any CPU
		{0A360DF4-4E46-4AED-9B7D-054DC4AC72BE}.Release|Any CPU.Build.0 = Release|Any CPU
	EndGlobalSection
	GlobalSection(SolutionProperties) = preSolution
		HideSolutionNode = FALSE
	EndGlobalSection
	GlobalSection(ExtensibilityGlobals) = postSolution
		SolutionGuid = {46885047-9202-450D-83D1-AE7018D6C424}
	EndGlobalSection
EndGlobal
